{
  "name": "@mdi/angular-material",
  "version": "3.3.92",
  "lockfileVersion": 1,
  "requires": true,
  "dependencies": {
    "@mdi/svg": {
      "version": "3.3.92",
      "resolved": "https://registry.npmjs.org/@mdi/svg/-/svg-3.3.92.tgz",
      "integrity": "sha512-281S4dn6evXoT8b2yhTooYLiX53PBr7Z+A5snuoz6HspGrL6JSvedX2o7WhO6Cjt8aOi869HKNNZ/O7nUXrSsA==",
      "dev": true
    }
  }
}
