{
  "name": "@mdi/angular-material",
  "version": "3.0.39",
  "lockfileVersion": 1,
  "requires": true,
  "dependencies": {
    "@mdi/svg": {
      "version": "3.0.39",
      "resolved": "https://registry.npmjs.org/@mdi/svg/-/svg-3.0.39.tgz",
      "integrity": "sha512-kX1CeG+6r9t0ickn+RwxAtIcO6WVZ7v3ashWJ4WRKd68O7WyUTJuqfzdMjHtVtKn5k4ItrZDo9sf1NflWrX+tQ==",
      "dev": true
    }
  }
}
