{
  "name": "@mdi/angular-material",
  "version": "3.2.89",
  "lockfileVersion": 1,
  "requires": true,
  "dependencies": {
    "@mdi/svg": {
      "version": "3.2.89",
      "resolved": "https://registry.npmjs.org/@mdi/svg/-/svg-3.2.89.tgz",
      "integrity": "sha512-X9DG/qaj5KkNJX/d7G41MyzkXbTWwWVGifs4yWeIZTsGoMZfzjRutz/RO1o09dZpMbcDvU6oy7bcpPWOfiS55Q==",
      "dev": true
    }
  }
}
